{
  "name": "route_player",
  "version": "1.0.0",
  "lockfileVersion": 2,
  "requires": true,
  "packages": {
    "": {
      "name": "route_player",
      "version": "1.0.0",
      "license": "ISC",
      "dependencies": {
        "jsnetworkx": "^0.3.4"
      }
    },
    "node_modules/babel-runtime": {
      "version": "5.8.38",
      "resolved": "https://registry.npmjs.org/babel-runtime/-/babel-runtime-5.8.38.tgz",
      "integrity": "sha512-KpgoA8VE/pMmNCrnEeeXqFG24TIH11Z3ZaimIhJWsin8EbfZy3WzFKUTIan10ZIDgRVvi9EkLbruJElJC9dRlg==",
      "dependencies": {
        "core-js": "^1.0.0"
      }
    },
    "node_modules/core-js": {
      "version": "1.2.7",
      "resolved": "https://registry.npmjs.org/core-js/-/core-js-1.2.7.tgz",
      "integrity": "sha512-ZiPp9pZlgxpWRu0M+YWbm6+aQ84XEfH1JRXvfOc/fILWI0VKhLC2LX13X1NYq4fULzLMq7Hfh43CSo2/aIaUPA==",
      "deprecated": "core-js@<3.23.3 is no longer maintained and not recommended for usage due to the number of issues. Because of the V8 engine whims, feature detection in old core-js versions could cause a slowdown up to 100x even if nothing is polyfilled. Some versions have web compatibility issues. Please, upgrade your dependencies to the actual version of core-js."
    },
    "node_modules/jsnetworkx": {
      "version": "0.3.4",
      "resolved": "https://registry.npmjs.org/jsnetworkx/-/jsnetworkx-0.3.4.tgz",
      "integrity": "sha512-3wLBxtTWsgMUADKiEXyVr6s0BNnXBtB+A13cYToatl65OFF9UG1BTOij1Jx7AhK7Q9fbrfFCNppDuSOmTFkB1Q==",
      "dependencies": {
        "babel-runtime": "^5",
        "lodash": "^3.3.1",
        "through": "^2.3.6",
        "tiny-sprintf": "^0.3.0"
      }
    },
    "node_modules/lodash": {
      "version": "3.10.1",
      "resolved": "https://registry.npmjs.org/lodash/-/lodash-3.10.1.tgz",
      "integrity": "sha512-9mDDwqVIma6OZX79ZlDACZl8sBm0TEnkf99zV3iMA4GzkIT/9hiqP5mY0HoT1iNLCrKc/R1HByV+yJfRWVJryQ=="
    },
    "node_modules/through": {
      "version": "2.3.8",
      "resolved": "https://registry.npmjs.org/through/-/through-2.3.8.tgz",
      "integrity": "sha512-w89qg7PI8wAdvX60bMDP+bFoD5Dvhm9oLheFp5O4a2QF0cSBGsBX4qZmadPMvVqlLJBBci+WqGGOAPvcDeNSVg=="
    },
    "node_modules/tiny-sprintf": {
      "version": "0.3.0",
      "resolved": "https://registry.npmjs.org/tiny-sprintf/-/tiny-sprintf-0.3.0.tgz",
      "integrity": "sha512-2GsAMPBTxDYKjJVsK3Do2nLAMV7hteGNTy3CuNbJwRtBGgbzuzlmYIehmzJPaPyj0IsjChgcGutBZcpCe76flg=="
    }
  },
  "dependencies": {
    "babel-runtime": {
      "version": "5.8.38",
      "resolved": "https://registry.npmjs.org/babel-runtime/-/babel-runtime-5.8.38.tgz",
      "integrity": "sha512-KpgoA8VE/pMmNCrnEeeXqFG24TIH11Z3ZaimIhJWsin8EbfZy3WzFKUTIan10ZIDgRVvi9EkLbruJElJC9dRlg==",
      "requires": {
        "core-js": "^1.0.0"
      }
    },
    "core-js": {
      "version": "1.2.7",
      "resolved": "https://registry.npmjs.org/core-js/-/core-js-1.2.7.tgz",
      "integrity": "sha512-ZiPp9pZlgxpWRu0M+YWbm6+aQ84XEfH1JRXvfOc/fILWI0VKhLC2LX13X1NYq4fULzLMq7Hfh43CSo2/aIaUPA=="
    },
    "jsnetworkx": {
      "version": "0.3.4",
      "resolved": "https://registry.npmjs.org/jsnetworkx/-/jsnetworkx-0.3.4.tgz",
      "integrity": "sha512-3wLBxtTWsgMUADKiEXyVr6s0BNnXBtB+A13cYToatl65OFF9UG1BTOij1Jx7AhK7Q9fbrfFCNppDuSOmTFkB1Q==",
      "requires": {
        "babel-runtime": "^5",
        "lodash": "^3.3.1",
        "through": "^2.3.6",
        "tiny-sprintf": "^0.3.0"
      }
    },
    "lodash": {
      "version": "3.10.1",
      "resolved": "https://registry.npmjs.org/lodash/-/lodash-3.10.1.tgz",
      "integrity": "sha512-9mDDwqVIma6OZX79ZlDACZl8sBm0TEnkf99zV3iMA4GzkIT/9hiqP5mY0HoT1iNLCrKc/R1HByV+yJfRWVJryQ=="
    },
    "through": {
      "version": "2.3.8",
      "resolved": "https://registry.npmjs.org/through/-/through-2.3.8.tgz",
      "integrity": "sha512-w89qg7PI8wAdvX60bMDP+bFoD5Dvhm9oLheFp5O4a2QF0cSBGsBX4qZmadPMvVqlLJBBci+WqGGOAPvcDeNSVg=="
    },
    "tiny-sprintf": {
      "version": "0.3.0",
      "resolved": "https://registry.npmjs.org/tiny-sprintf/-/tiny-sprintf-0.3.0.tgz",
      "integrity": "sha512-2GsAMPBTxDYKjJVsK3Do2nLAMV7hteGNTy3CuNbJwRtBGgbzuzlmYIehmzJPaPyj0IsjChgcGutBZcpCe76flg=="
    }
  }
}
